
Microsoft Visual Studio Solution File, Format Version 12.00
# Visual Studio Version 16
VisualStudioVersion = 16.0.29519.87
MinimumVisualStudioVersion = 10.0.40219.1
Project("{FAE04EC0-301F-11D3-BF4B-00C04F79EFBC}") = "RidesApp", "RidesApp.csproj", "{279186E6-EEDB-43A8-B509-834EC74EC255}"
EndProject
Global
	GlobalSection(SolutionConfigurationPlatforms) = preSolution
		Debug|Any CPU = Debug|Any CPU
		Release|Any CPU = Release|Any CPU
	EndGlobalSection
	GlobalSection(ProjectConfigurationPlatforms) = postSolution
		{279186E6-EEDB-43A8-B509-834EC74EC255}.Debug|Any CPU.ActiveCfg = Debug|Any CPU
		{279186E6-EEDB-43A8-B509-834EC74EC255}.Debug|Any CPU.Build.0 = Debug|Any CPU
		{279186E6-EEDB-43A8-B509-834EC74EC255}.Debug|Any CPU.Deploy.0 = Debug|Any CPU
		{279186E6-EEDB-43A8-B509-834EC74EC255}.Release|Any CPU.ActiveCfg = Release|Any CPU
		{279186E6-EEDB-43A8-B509-834EC74EC255}.Release|Any CPU.Build.0 = Release|Any CPU
		{279186E6-EEDB-43A8-B509-834EC74EC255}.Release|Any CPU.Deploy.0 = Release|Any CPU
	EndGlobalSection
	GlobalSection(SolutionProperties) = preSolution
		HideSolutionNode = FALSE
	EndGlobalSection
	GlobalSection(ExtensibilityGlobals) = postSolution
		SolutionGuid = {83F33C8E-4EC0-4953-92E3-115952EF97A7}
	EndGlobalSection
EndGlobal
